version = 1
revision = 3
requires-python = "==3.12.*"

[[package]]
name = "arcology-simulation"
version = "0.1.0"
source = { virtual = "." }
dependencies = [
    { name = "openseespy" },
]

[package.metadata]
requires-dist = [{ name = "openseespy", specifier = "==3.8.0.0" }]

[[package]]
name = "openseespy"
version = "3.8.0.0"
source = { registry = "https://pypi.org/simple" }
dependencies = [
    { name = "openseespylinux", marker = "sys_platform == 'linux'" },
    { name = "openseespymac", marker = "sys_platform == 'darwin'" },
    { name = "openseespywin", marker = "sys_platform == 'win32'" },
]
wheels = [
    { url = "https://files.pythonhosted.org/packages/5d/f0/7cf984fed2e96286427828a0b669d034f18b674ccc84042d20835a99d543/openseespy-3.8.0.0-py3-none-any.whl", hash = "sha256:ce6a43503b737025f763a87bebacb1cc2fbd82a156982647e9e014a11b85fdbd", size = 2792, upload-time = "2026-03-18T22:23:27.372Z" },
]

[[package]]
name = "openseespylinux"
version = "3.8.0.0"
source = { registry = "https://pypi.org/simple" }
wheels = [
    { url = "https://files.pythonhosted.org/packages/a4/77/83cd6946a4710916e0a85df9fcd5271db3c94ac018a59f113acfd5ee40e2/openseespylinux-3.8.0.0-py3-none-any.whl", hash = "sha256:2307e40213f1d7128a5a5151d5c8beee8244b8b988528a58f5e44394a045ba64", size = 86251016, upload-time = "2026-03-18T21:47:48.539Z" },
]

[[package]]
name = "openseespymac"
version = "3.8.0.0"
source = { registry = "https://pypi.org/simple" }
wheels = [
    { url = "https://files.pythonhosted.org/packages/42/ca/4d8eff97f95ad415010fefe595738162fc052cb8536434d5124fb0b46e99/openseespymac-3.8.0.0-py3-none-macosx_13_0_arm64.whl", hash = "sha256:c6ddd1a28ce528258ef41237dd7883c827b8aa6f1a2d9b62e65da1f1074779ef", size = 10115801, upload-time = "2026-03-18T22:21:08.233Z" },
]

[[package]]
name = "openseespywin"
version = "3.8.0.0"
source = { registry = "https://pypi.org/simple" }
wheels = [
    { url = "https://files.pythonhosted.org/packages/fc/6f/7d77002684c8075e024001fbe82ba695dbd553cb30d5ee2335a677344faa/openseespywin-3.8.0.0-py3-none-win_amd64.whl", hash = "sha256:ee0f48317582641cf06347fe0babd34a230823b56397603c9b5b2d3b96089b73", size = 6787016, upload-time = "2026-03-18T22:18:55.099Z" },
]
